// !$*UTF8*$!
{
	archiveVersion = 1;
	classes = {
	};
	objectVersion = 77;
	objects = {

/* Begin PBXBuildFile section */
		C3B8633D2D9B08630092C1CB /* FirebaseAnalytics in Frameworks */ = {isa = PBXBuildFile; productRef = C3B8633C2D9B08630092C1CB /* FirebaseAnalytics */; };
		C3B8633F2D9B08630092C1CB /* FirebaseAnalyticsOnDeviceConversion in Frameworks */ = {isa = PBXBuildFile; productRef = C3B8633E2D9B08630092C1CB /* FirebaseAnalyticsOnDeviceConversion */; };
		C3B863412D9B08630092C1CB /* FirebaseAnalyticsWithoutAdIdSupport in Frameworks */ = {isa = PBXBuildFile; productRef = C3B863402D9B08630092C1CB /* FirebaseAnalyticsWithoutAdIdSupport */; };
		C3B863432D9B08630092C1CB /* FirebaseAppCheck in Frameworks */ = {isa = PBXBuildFile; productRef = C3B863422D9B08630092C1CB /* FirebaseAppCheck */; };
		C3B863452D9B08630092C1CB /* FirebaseAppDistribution-Beta in Frameworks */ = {isa = PBXBuildFile; productRef = C3B863442D9B08630092C1CB /* FirebaseAppDistribution-Beta */; };
/* End PBXBuildFile section */

/* Begin PBXContainerItemProxy section */
		C3B862F92D9A42E20092C1CB /* PBXContainerItemProxy */ = {
			isa = PBXContainerItemProxy;
			containerPortal = C3B862E02D9A42E00092C1CB /* Project object */;
			proxyType = 1;
			remoteGlobalIDString = C3B862E72D9A42E00092C1CB;
			remoteInfo = "WeVote Information Page";
		};
		C3B863032D9A42E20092C1CB /* PBXContainerItemProxy */ = {
			isa = PBXContainerItemProxy;
			containerPortal = C3B862E02D9A42E00092C1CB /* Project object */;
			proxyType = 1;
			remoteGlobalIDString = C3B862E72D9A42E00092C1CB;
			remoteInfo = "WeVote Information Page";
		};
/* End PBXContainerItemProxy section */

/* Begin PBXFileReference section */
		C3A44ADE2DE392D000858A5E /* VoteNow.entitlements */ = {isa = PBXFileReference; lastKnownFileType = text.plist.entitlements; path = VoteNow.entitlements; sourceTree = "<group>"; };
		C3B862E82D9A42E00092C1CB /* VoteNow.app */ = {isa = PBXFileReference; explicitFileType = wrapper.application; includeInIndex = 0; path = VoteNow.app; sourceTree = BUILT_PRODUCTS_DIR; };
		C3B862F82D9A42E20092C1CB /* VoteNowTests.xctest */ = {isa = PBXFileReference; explicitFileType = wrapper.cfbundle; includeInIndex = 0; path = VoteNowTests.xctest; sourceTree = BUILT_PRODUCTS_DIR; };
		C3B863022D9A42E20092C1CB /* VoteNowUITests.xctest */ = {isa = PBXFileReference; explicitFileType = wrapper.cfbundle; includeInIndex = 0; path = VoteNowUITests.xctest; sourceTree = BUILT_PRODUCTS_DIR; };
/* End PBXFileReference section */

/* Begin PBXFileSystemSynchronizedRootGroup section */
		C3B862EA2D9A42E00092C1CB /* WeVote Information Page */ = {
			isa = PBXFileSystemSynchronizedRootGroup;
			path = "WeVote Information Page";
			sourceTree = "<group>";
		};
		C3B862FB2D9A42E20092C1CB /* WeVote Information PageTests */ = {
			isa = PBXFileSystemSynchronizedRootGroup;
			path = "WeVote Information PageTests";
			sourceTree = "<group>";
		};
		C3B863052D9A42E20092C1CB /* WeVote Information PageUITests */ = {
			isa = PBXFileSystemSynchronizedRootGroup;
			path = "WeVote Information PageUITests";
			sourceTree = "<group>";
		};
/* End PBXFileSystemSynchronizedRootGroup section */

/* Begin PBXFrameworksBuildPhase section */
		C3B862E52D9A42E00092C1CB /* Frameworks */ = {
			isa = PBXFrameworksBuildPhase;
			buildActionMask = 2147483647;
			files = (
				C3B863432D9B08630092C1CB /* FirebaseAppCheck in Frameworks */,
				C3B8633D2D9B08630092C1CB /* FirebaseAnalytics in Frameworks */,
				C3B863452D9B08630092C1CB /* FirebaseAppDistribution-Beta in Frameworks */,
				C3B863412D9B08630092C1CB /* FirebaseAnalyticsWithoutAdIdSupport in Frameworks */,
				C3B8633F2D9B08630092C1CB /* FirebaseAnalyticsOnDeviceConversion in Frameworks */,
			);
			runOnlyForDeploymentPostprocessing = 0;
		};
		C3B862F52D9A42E20092C1CB /* Frameworks */ = {
			isa = PBXFrameworksBuildPhase;
			buildActionMask = 2147483647;
			files = (
			);
			runOnlyForDeploymentPostprocessing = 0;
		};
		C3B862FF2D9A42E20092C1CB /* Frameworks */ = {
			isa = PBXFrameworksBuildPhase;
			buildActionMask = 2147483647;
			files = (
			);
			runOnlyForDeploymentPostprocessing = 0;
		};
/* End PBXFrameworksBuildPhase section */

/* Begin PBXGroup section */
		C3B862DF2D9A42E00092C1CB = {
			isa = PBXGroup;
			children = (
				C3A44ADE2DE392D000858A5E /* VoteNow.entitlements */,
				C3B862EA2D9A42E00092C1CB /* WeVote Information Page */,
				C3B862FB2D9A42E20092C1CB /* WeVote Information PageTests */,
				C3B863052D9A42E20092C1CB /* WeVote Information PageUITests */,
				C3B862E92D9A42E00092C1CB /* Products */,
			);
			sourceTree = "<group>";
		};
		C3B862E92D9A42E00092C1CB /* Products */ = {
			isa = PBXGroup;
			children = (
				C3B862E82D9A42E00092C1CB /* VoteNow.app */,
				C3B862F82D9A42E20092C1CB /* VoteNowTests.xctest */,
				C3B863022D9A42E20092C1CB /* VoteNowUITests.xctest */,
			);
			name = Products;
			sourceTree = "<group>";
		};
/* End PBXGroup section */

/* Begin PBXNativeTarget section */
		C3B862E72D9A42E00092C1CB /* VoteNow */ = {
			isa = PBXNativeTarget;
			buildConfigurationList = C3B8630C2D9A42E20092C1CB /* Build configuration list for PBXNativeTarget "VoteNow" */;
			buildPhases = (
				C3B862E42D9A42E00092C1CB /* Sources */,
				C3B862E52D9A42E00092C1CB /* Frameworks */,
				C31696FA2DE0F9E50041FF2C /* Resources */,
			);
			buildRules = (
			);
			dependencies = (
			);
			fileSystemSynchronizedGroups = (
				C3B862EA2D9A42E00092C1CB /* WeVote Information Page */,
			);
			name = VoteNow;
			packageProductDependencies = (
				C3B8633C2D9B08630092C1CB /* FirebaseAnalytics */,
				C3B8633E2D9B08630092C1CB /* FirebaseAnalyticsOnDeviceConversion */,
				C3B863402D9B08630092C1CB /* FirebaseAnalyticsWithoutAdIdSupport */,
				C3B863422D9B08630092C1CB /* FirebaseAppCheck */,
				C3B863442D9B08630092C1CB /* FirebaseAppDistribution-Beta */,
			);
			productName = "WeVote Information Page";
			productReference = C3B862E82D9A42E00092C1CB /* VoteNow.app */;
			productType = "com.apple.product-type.application";
		};
		C3B862F72D9A42E20092C1CB /* VoteNowTests */ = {
			isa = PBXNativeTarget;
			buildConfigurationList = C3B8630F2D9A42E20092C1CB /* Build configuration list for PBXNativeTarget "VoteNowTests" */;
			buildPhases = (
				C3B862F42D9A42E20092C1CB /* Sources */,
				C3B862F52D9A42E20092C1CB /* Frameworks */,
				C3B862F62D9A42E20092C1CB /* Resources */,
			);
			buildRules = (
			);
			dependencies = (
				C3B862FA2D9A42E20092C1CB /* PBXTargetDependency */,
			);
			fileSystemSynchronizedGroups = (
				C3B862FB2D9A42E20092C1CB /* WeVote Information PageTests */,
			);
			name = VoteNowTests;
			packageProductDependencies = (
			);
			productName = "WeVote Information PageTests";
			productReference = C3B862F82D9A42E20092C1CB /* VoteNowTests.xctest */;
			productType = "com.apple.product-type.bundle.unit-test";
		};
		C3B863012D9A42E20092C1CB /* VoteNowUITests */ = {
			isa = PBXNativeTarget;
			buildConfigurationList = C3B863122D9A42E20092C1CB /* Build configuration list for PBXNativeTarget "VoteNowUITests" */;
			buildPhases = (
				C3B862FE2D9A42E20092C1CB /* Sources */,
				C3B862FF2D9A42E20092C1CB /* Frameworks */,
				C3B863002D9A42E20092C1CB /* Resources */,
			);
			buildRules = (
			);
			dependencies = (
				C3B863042D9A42E20092C1CB /* PBXTargetDependency */,
			);
			fileSystemSynchronizedGroups = (
				C3B863052D9A42E20092C1CB /* WeVote Information PageUITests */,
			);
			name = VoteNowUITests;
			packageProductDependencies = (
			);
			productName = "WeVote Information PageUITests";
			productReference = C3B863022D9A42E20092C1CB /* VoteNowUITests.xctest */;
			productType = "com.apple.product-type.bundle.ui-testing";
		};
/* End PBXNativeTarget section */

/* Begin PBXProject section */
		C3B862E02D9A42E00092C1CB /* Project object */ = {
			isa = PBXProject;
			attributes = {
				BuildIndependentTargetsInParallel = 1;
				LastSwiftUpdateCheck = 1620;
				LastUpgradeCheck = 1620;
				TargetAttributes = {
					C3B862E72D9A42E00092C1CB = {
						CreatedOnToolsVersion = 16.2;
					};
					C3B862F72D9A42E20092C1CB = {
						CreatedOnToolsVersion = 16.2;
						TestTargetID = C3B862E72D9A42E00092C1CB;
					};
					C3B863012D9A42E20092C1CB = {
						CreatedOnToolsVersion = 16.2;
						TestTargetID = C3B862E72D9A42E00092C1CB;
					};
				};
			};
			buildConfigurationList = C3B862E32D9A42E00092C1CB /* Build configuration list for PBXProject "VoteNow" */;
			developmentRegion = en;
			hasScannedForEncodings = 0;
			knownRegions = (
				en,
				Base,
			);
			mainGroup = C3B862DF2D9A42E00092C1CB;
			minimizedProjectReferenceProxies = 1;
			packageReferences = (
				C3B8633B2D9B07130092C1CB /* XCRemoteSwiftPackageReference "firebase-ios-sdk" */,
			);
			preferredProjectObjectVersion = 77;
			productRefGroup = C3B862E92D9A42E00092C1CB /* Products */;
			projectDirPath = "";
			projectRoot = "";
			targets = (
				C3B862E72D9A42E00092C1CB /* VoteNow */,
				C3B862F72D9A42E20092C1CB /* VoteNowTests */,
				C3B863012D9A42E20092C1CB /* VoteNowUITests */,
			);
		};
/* End PBXProject section */

/* Begin PBXResourcesBuildPhase section */
		C31696FA2DE0F9E50041FF2C /* Resources */ = {
			isa = PBXResourcesBuildPhase;
			buildActionMask = 2147483647;
			files = (
			);
			runOnlyForDeploymentPostprocessing = 0;
		};
		C3B862F62D9A42E20092C1CB /* Resources */ = {
			isa = PBXResourcesBuildPhase;
			buildActionMask = 2147483647;
			files = (
			);
			runOnlyForDeploymentPostprocessing = 0;
		};
		C3B863002D9A42E20092C1CB /* Resources */ = {
			isa = PBXResourcesBuildPhase;
			buildActionMask = 2147483647;
			files = (
			);
			runOnlyForDeploymentPostprocessing = 0;
		};
/* End PBXResourcesBuildPhase section */

/* Begin PBXSourcesBuildPhase section */
		C3B862E42D9A42E00092C1CB /* Sources */ = {
			isa = PBXSourcesBuildPhase;
			buildActionMask = 2147483647;
			files = (
			);
			runOnlyForDeploymentPostprocessing = 0;
		};
		C3B862F42D9A42E20092C1CB /* Sources */ = {
			isa = PBXSourcesBuildPhase;
			buildActionMask = 2147483647;
			files = (
			);
			runOnlyForDeploymentPostprocessing = 0;
		};
		C3B862FE2D9A42E20092C1CB /* Sources */ = {
			isa = PBXSourcesBuildPhase;
			buildActionMask = 2147483647;
			files = (
			);
			runOnlyForDeploymentPostprocessing = 0;
		};
/* End PBXSourcesBuildPhase section */

/* Begin PBXTargetDependency section */
		C3B862FA2D9A42E20092C1CB /* PBXTargetDependency */ = {
			isa = PBXTargetDependency;
			target = C3B862E72D9A42E00092C1CB /* VoteNow */;
			targetProxy = C3B862F92D9A42E20092C1CB /* PBXContainerItemProxy */;
		};
		C3B863042D9A42E20092C1CB /* PBXTargetDependency */ = {
			isa = PBXTargetDependency;
			target = C3B862E72D9A42E00092C1CB /* VoteNow */;
			targetProxy = C3B863032D9A42E20092C1CB /* PBXContainerItemProxy */;
		};
/* End PBXTargetDependency section */

/* Begin XCBuildConfiguration section */
		C3B8630A2D9A42E20092C1CB /* Debug */ = {
			isa = XCBuildConfiguration;
			buildSettings = {
				ALWAYS_SEARCH_USER_PATHS = NO;
				ASSETCATALOG_COMPILER_GENERATE_SWIFT_ASSET_SYMBOL_EXTENSIONS = YES;
				CLANG_ANALYZER_NONNULL = YES;
				CLANG_ANALYZER_NUMBER_OBJECT_CONVERSION = YES_AGGRESSIVE;
				CLANG_CXX_LANGUAGE_STANDARD = "gnu++20";
				CLANG_ENABLE_MODULES = YES;
				CLANG_ENABLE_OBJC_ARC = YES;
				CLANG_ENABLE_OBJC_WEAK = YES;
				CLANG_WARN_BLOCK_CAPTURE_AUTORELEASING = YES;
				CLANG_WARN_BOOL_CONVERSION = YES;
				CLANG_WARN_COMMA = YES;
				CLANG_WARN_CONSTANT_CONVERSION = YES;
				CLANG_WARN_DEPRECATED_OBJC_IMPLEMENTATIONS = YES;
				CLANG_WARN_DIRECT_OBJC_ISA_USAGE = YES_ERROR;
				CLANG_WARN_DOCUMENTATION_COMMENTS = YES;
				CLANG_WARN_EMPTY_BODY = YES;
				CLANG_WARN_ENUM_CONVERSION = YES;
				CLANG_WARN_INFINITE_RECURSION = YES;
				CLANG_WARN_INT_CONVERSION = YES;
				CLANG_WARN_NON_LITERAL_NULL_CONVERSION = YES;
				CLANG_WARN_OBJC_IMPLICIT_RETAIN_SELF = YES;
				CLANG_WARN_OBJC_LITERAL_CONVERSION = YES;
				CLANG_WARN_OBJC_ROOT_CLASS = YES_ERROR;
				CLANG_WARN_QUOTED_INCLUDE_IN_FRAMEWORK_HEADER = YES;
				CLANG_WARN_RANGE_LOOP_ANALYSIS = YES;
				CLANG_WARN_STRICT_PROTOTYPES = YES;
				CLANG_WARN_SUSPICIOUS_MOVE = YES;
				CLANG_WARN_UNGUARDED_AVAILABILITY = YES_AGGRESSIVE;
				CLANG_WARN_UNREACHABLE_CODE = YES;
				CLANG_WARN__DUPLICATE_METHOD_MATCH = YES;
				COPY_PHASE_STRIP = NO;
				DEBUG_INFORMATION_FORMAT = dwarf;
				ENABLE_STRICT_OBJC_MSGSEND = YES;
				ENABLE_TESTABILITY = YES;
				ENABLE_USER_SCRIPT_SANDBOXING = YES;
				GCC_C_LANGUAGE_STANDARD = gnu17;
				GCC_DYNAMIC_NO_PIC = NO;
				GCC_NO_COMMON_BLOCKS = YES;
				GCC_OPTIMIZATION_LEVEL = 0;
				GCC_PREPROCESSOR_DEFINITIONS = (
					"DEBUG=1",
					"$(inherited)",
				);
				GCC_WARN_64_TO_32_BIT_CONVERSION = YES;
				GCC_WARN_ABOUT_RETURN_TYPE = YES_ERROR;
				GCC_WARN_UNDECLARED_SELECTOR = YES;
				GCC_WARN_UNINITIALIZED_AUTOS = YES_AGGRESSIVE;
				GCC_WARN_UNUSED_FUNCTION = YES;
				GCC_WARN_UNUSED_VARIABLE = YES;
				IPHONEOS_DEPLOYMENT_TARGET = 18.2;
				LOCALIZATION_PREFERS_STRING_CATALOGS = YES;
				MTL_ENABLE_DEBUG_INFO = INCLUDE_SOURCE;
				MTL_FAST_MATH = YES;
				ONLY_ACTIVE_ARCH = YES;
				SDKROOT = iphoneos;
				SWIFT_ACTIVE_COMPILATION_CONDITIONS = "DEBUG $(inherited)";
				SWIFT_OPTIMIZATION_LEVEL = "-Onone";
			};
			name = Debug;
		};
		C3B8630B2D9A42E20092C1CB /* Release */ = {
			isa = XCBuildConfiguration;
			buildSettings = {
				ALWAYS_SEARCH_USER_PATHS = NO;
				ASSETCATALOG_COMPILER_GENERATE_SWIFT_ASSET_SYMBOL_EXTENSIONS = YES;
				CLANG_ANALYZER_NONNULL = YES;
				CLANG_ANALYZER_NUMBER_OBJECT_CONVERSION = YES_AGGRESSIVE;
				CLANG_CXX_LANGUAGE_STANDARD = "gnu++20";
				CLANG_ENABLE_MODULES = YES;
				CLANG_ENABLE_OBJC_ARC = YES;
				CLANG_ENABLE_OBJC_WEAK = YES;
				CLANG_WARN_BLOCK_CAPTURE_AUTORELEASING = YES;
				CLANG_WARN_BOOL_CONVERSION = YES;
				CLANG_WARN_COMMA = YES;
				CLANG_WARN_CONSTANT_CONVERSION = YES;
				CLANG_WARN_DEPRECATED_OBJC_IMPLEMENTATIONS = YES;
				CLANG_WARN_DIRECT_OBJC_ISA_USAGE = YES_ERROR;
				CLANG_WARN_DOCUMENTATION_COMMENTS = YES;
				CLANG_WARN_EMPTY_BODY = YES;
				CLANG_WARN_ENUM_CONVERSION = YES;
				CLANG_WARN_INFINITE_RECURSION = YES;
				CLANG_WARN_INT_CONVERSION = YES;
				CLANG_WARN_NON_LITERAL_NULL_CONVERSION = YES;
				CLANG_WARN_OBJC_IMPLICIT_RETAIN_SELF = YES;
				CLANG_WARN_OBJC_LITERAL_CONVERSION = YES;
				CLANG_WARN_OBJC_ROOT_CLASS = YES_ERROR;
				CLANG_WARN_QUOTED_INCLUDE_IN_FRAMEWORK_HEADER = YES;
				CLANG_WARN_RANGE_LOOP_ANALYSIS = YES;
				CLANG_WARN_STRICT_PROTOTYPES = YES;
				CLANG_WARN_SUSPICIOUS_MOVE = YES;
				CLANG_WARN_UNGUARDED_AVAILABILITY = YES_AGGRESSIVE;
				CLANG_WARN_UNREACHABLE_CODE = YES;
				CLANG_WARN__DUPLICATE_METHOD_MATCH = YES;
				COPY_PHASE_STRIP = NO;
				DEBUG_INFORMATION_FORMAT = "dwarf-with-dsym";
				ENABLE_NS_ASSERTIONS = NO;
				ENABLE_STRICT_OBJC_MSGSEND = YES;
				ENABLE_USER_SCRIPT_SANDBOXING = YES;
				GCC_C_LANGUAGE_STANDARD = gnu17;
				GCC_NO_COMMON_BLOCKS = YES;
				GCC_WARN_64_TO_32_BIT_CONVERSION = YES;
				GCC_WARN_ABOUT_RETURN_TYPE = YES_ERROR;
				GCC_WARN_UNDECLARED_SELECTOR = YES;
				GCC_WARN_UNINITIALIZED_AUTOS = YES_AGGRESSIVE;
				GCC_WARN_UNUSED_FUNCTION = YES;
				GCC_WARN_UNUSED_VARIABLE = YES;
				IPHONEOS_DEPLOYMENT_TARGET = 18.2;
				LOCALIZATION_PREFERS_STRING_CATALOGS = YES;
				MTL_ENABLE_DEBUG_INFO = NO;
				MTL_FAST_MATH = YES;
				SDKROOT = iphoneos;
				SWIFT_COMPILATION_MODE = wholemodule;
				VALIDATE_PRODUCT = YES;
			};
			name = Release;
		};
		C3B8630D2D9A42E20092C1CB /* Debug */ = {
			isa = XCBuildConfiguration;
			buildSettings = {
				ASSETCATALOG_COMPILER_APPICON_NAME = AppIcon;
				ASSETCATALOG_COMPILER_GLOBAL_ACCENT_COLOR_NAME = AccentColor;
				CODE_SIGN_ENTITLEMENTS = VoteNow.entitlements;
				"CODE_SIGN_IDENTITY[sdk=iphoneos*]" = "iPhone Developer";
				CODE_SIGN_STYLE = Manual;
				CURRENT_PROJECT_VERSION = 1;
				DEVELOPMENT_ASSET_PATHS = "\"WeVote Information Page/Preview Content\"";
				DEVELOPMENT_TEAM = "";
				"DEVELOPMENT_TEAM[sdk=iphoneos*]" = 687GD7CA6J;
				ENABLE_PREVIEWS = YES;
				GENERATE_INFOPLIST_FILE = YES;
				INFOPLIST_FILE = "WeVote-Information-Page-Info.plist";
				INFOPLIST_KEY_CFBundleDisplayName = "";
				INFOPLIST_KEY_NSLocationWhenInUseUsageDescription = "We need your location to calculate distances to polling places.";
				INFOPLIST_KEY_UIApplicationSceneManifest_Generation = YES;
				INFOPLIST_KEY_UIApplicationSupportsIndirectInputEvents = YES;
				INFOPLIST_KEY_UILaunchScreen_Generation = YES;
				INFOPLIST_KEY_UISupportedInterfaceOrientations_iPad = "UIInterfaceOrientationPortrait UIInterfaceOrientationPortraitUpsideDown UIInterfaceOrientationLandscapeLeft UIInterfaceOrientationLandscapeRight";
				INFOPLIST_KEY_UISupportedInterfaceOrientations_iPhone = "UIInterfaceOrientationPortrait UIInterfaceOrientationLandscapeLeft UIInterfaceOrientationLandscapeRight";
				LD_RUNPATH_SEARCH_PATHS = (
					"$(inherited)",
					"@executable_path/Frameworks",
				);
				MARKETING_VERSION = 1.0;
				PRODUCT_BUNDLE_IDENTIFIER = "Turnout-the-Vote.VoteNow-Information-Page";
				PRODUCT_NAME = "$(TARGET_NAME)";
				PROVISIONING_PROFILE_SPECIFIER = "";
				"PROVISIONING_PROFILE_SPECIFIER[sdk=iphoneos*]" = VoteNow_Dev_Push_Profile;
				SWIFT_EMIT_LOC_STRINGS = YES;
				SWIFT_VERSION = 5.0;
				TARGETED_DEVICE_FAMILY = "1,2";
			};
			name = Debug;
		};
		C3B8630E2D9A42E20092C1CB /* Release */ = {
			isa = XCBuildConfiguration;
			buildSettings = {
				ASSETCATALOG_COMPILER_APPICON_NAME = AppIcon;
				ASSETCATALOG_COMPILER_GLOBAL_ACCENT_COLOR_NAME = AccentColor;
				CODE_SIGN_ENTITLEMENTS = VoteNow.entitlements;
				"CODE_SIGN_IDENTITY[sdk=iphoneos*]" = "iPhone Developer";
				CODE_SIGN_STYLE = Manual;
				CURRENT_PROJECT_VERSION = 1;
				DEVELOPMENT_ASSET_PATHS = "\"WeVote Information Page/Preview Content\"";
				DEVELOPMENT_TEAM = "";
				"DEVELOPMENT_TEAM[sdk=iphoneos*]" = 687GD7CA6J;
				ENABLE_PREVIEWS = YES;
				GENERATE_INFOPLIST_FILE = YES;
				INFOPLIST_FILE = "WeVote-Information-Page-Info.plist";
				INFOPLIST_KEY_CFBundleDisplayName = "";
				INFOPLIST_KEY_NSLocationWhenInUseUsageDescription = "We need your location to calculate distances to polling places.";
				INFOPLIST_KEY_UIApplicationSceneManifest_Generation = YES;
				INFOPLIST_KEY_UIApplicationSupportsIndirectInputEvents = YES;
				INFOPLIST_KEY_UILaunchScreen_Generation = YES;
				INFOPLIST_KEY_UISupportedInterfaceOrientations_iPad = "UIInterfaceOrientationPortrait UIInterfaceOrientationPortraitUpsideDown UIInterfaceOrientationLandscapeLeft UIInterfaceOrientationLandscapeRight";
				INFOPLIST_KEY_UISupportedInterfaceOrientations_iPhone = "UIInterfaceOrientationPortrait UIInterfaceOrientationLandscapeLeft UIInterfaceOrientationLandscapeRight";
				LD_RUNPATH_SEARCH_PATHS = (
					"$(inherited)",
					"@executable_path/Frameworks",
				);
				MARKETING_VERSION = 1.0;
				PRODUCT_BUNDLE_IDENTIFIER = "Turnout-the-Vote.VoteNow-Information-Page";
				PRODUCT_NAME = "$(TARGET_NAME)";
				PROVISIONING_PROFILE_SPECIFIER = "";
				"PROVISIONING_PROFILE_SPECIFIER[sdk=iphoneos*]" = VoteNow_Dev_Push_Profile;
				SWIFT_EMIT_LOC_STRINGS = YES;
				SWIFT_VERSION = 5.0;
				TARGETED_DEVICE_FAMILY = "1,2";
			};
			name = Release;
		};
		C3B863102D9A42E20092C1CB /* Debug */ = {
			isa = XCBuildConfiguration;
			buildSettings = {
				BUNDLE_LOADER = "$(TEST_HOST)";
				CODE_SIGN_STYLE = Automatic;
				CURRENT_PROJECT_VERSION = 1;
				DEVELOPMENT_TEAM = 687GD7CA6J;
				GENERATE_INFOPLIST_FILE = YES;
				IPHONEOS_DEPLOYMENT_TARGET = 18.2;
				MARKETING_VERSION = 1.0;
				PRODUCT_BUNDLE_IDENTIFIER = "Turnout-the-Vote.WeVote-Information-PageTests";
				PRODUCT_NAME = "$(TARGET_NAME)";
				SWIFT_EMIT_LOC_STRINGS = NO;
				SWIFT_VERSION = 5.0;
				TARGETED_DEVICE_FAMILY = "1,2";
				TEST_HOST = "$(BUILT_PRODUCTS_DIR)/VoteNow.app/$(BUNDLE_EXECUTABLE_FOLDER_PATH)/VoteNow";
			};
			name = Debug;
		};
		C3B863112D9A42E20092C1CB /* Release */ = {
			isa = XCBuildConfiguration;
			buildSettings = {
				BUNDLE_LOADER = "$(TEST_HOST)";
				CODE_SIGN_STYLE = Automatic;
				CURRENT_PROJECT_VERSION = 1;
				DEVELOPMENT_TEAM = 687GD7CA6J;
				GENERATE_INFOPLIST_FILE = YES;
				IPHONEOS_DEPLOYMENT_TARGET = 18.2;
				MARKETING_VERSION = 1.0;
				PRODUCT_BUNDLE_IDENTIFIER = "Turnout-the-Vote.WeVote-Information-PageTests";
				PRODUCT_NAME = "$(TARGET_NAME)";
				SWIFT_EMIT_LOC_STRINGS = NO;
				SWIFT_VERSION = 5.0;
				TARGETED_DEVICE_FAMILY = "1,2";
				TEST_HOST = "$(BUILT_PRODUCTS_DIR)/VoteNow.app/$(BUNDLE_EXECUTABLE_FOLDER_PATH)/VoteNow";
			};
			name = Release;
		};
		C3B863132D9A42E20092C1CB /* Debug */ = {
			isa = XCBuildConfiguration;
			buildSettings = {
				CODE_SIGN_STYLE = Automatic;
				CURRENT_PROJECT_VERSION = 1;
				DEVELOPMENT_TEAM = 687GD7CA6J;
				GENERATE_INFOPLIST_FILE = YES;
				MARKETING_VERSION = 1.0;
				PRODUCT_BUNDLE_IDENTIFIER = "Turnout-the-Vote.WeVote-Information-PageUITests";
				PRODUCT_NAME = "$(TARGET_NAME)";
				SWIFT_EMIT_LOC_STRINGS = NO;
				SWIFT_VERSION = 5.0;
				TARGETED_DEVICE_FAMILY = "1,2";
				TEST_TARGET_NAME = "WeVote Information Page";
			};
			name = Debug;
		};
		C3B863142D9A42E20092C1CB /* Release */ = {
			isa = XCBuildConfiguration;
			buildSettings = {
				CODE_SIGN_STYLE = Automatic;
				CURRENT_PROJECT_VERSION = 1;
				DEVELOPMENT_TEAM = 687GD7CA6J;
				GENERATE_INFOPLIST_FILE = YES;
				MARKETING_VERSION = 1.0;
				PRODUCT_BUNDLE_IDENTIFIER = "Turnout-the-Vote.WeVote-Information-PageUITests";
				PRODUCT_NAME = "$(TARGET_NAME)";
				SWIFT_EMIT_LOC_STRINGS = NO;
				SWIFT_VERSION = 5.0;
				TARGETED_DEVICE_FAMILY = "1,2";
				TEST_TARGET_NAME = "WeVote Information Page";
			};
			name = Release;
		};
/* End XCBuildConfiguration section */

/* Begin XCConfigurationList section */
		C3B862E32D9A42E00092C1CB /* Build configuration list for PBXProject "VoteNow" */ = {
			isa = XCConfigurationList;
			buildConfigurations = (
				C3B8630A2D9A42E20092C1CB /* Debug */,
				C3B8630B2D9A42E20092C1CB /* Release */,
			);
			defaultConfigurationIsVisible = 0;
			defaultConfigurationName = Release;
		};
		C3B8630C2D9A42E20092C1CB /* Build configuration list for PBXNativeTarget "VoteNow" */ = {
			isa = XCConfigurationList;
			buildConfigurations = (
				C3B8630D2D9A42E20092C1CB /* Debug */,
				C3B8630E2D9A42E20092C1CB /* Release */,
			);
			defaultConfigurationIsVisible = 0;
			defaultConfigurationName = Release;
		};
		C3B8630F2D9A42E20092C1CB /* Build configuration list for PBXNativeTarget "VoteNowTests" */ = {
			isa = XCConfigurationList;
			buildConfigurations = (
				C3B863102D9A42E20092C1CB /* Debug */,
				C3B863112D9A42E20092C1CB /* Release */,
			);
			defaultConfigurationIsVisible = 0;
			defaultConfigurationName = Release;
		};
		C3B863122D9A42E20092C1CB /* Build configuration list for PBXNativeTarget "VoteNowUITests" */ = {
			isa = XCConfigurationList;
			buildConfigurations = (
				C3B863132D9A42E20092C1CB /* Debug */,
				C3B863142D9A42E20092C1CB /* Release */,
			);
			defaultConfigurationIsVisible = 0;
			defaultConfigurationName = Release;
		};
/* End XCConfigurationList section */

/* Begin XCRemoteSwiftPackageReference section */
		C3B8633B2D9B07130092C1CB /* XCRemoteSwiftPackageReference "firebase-ios-sdk" */ = {
			isa = XCRemoteSwiftPackageReference;
			repositoryURL = "https://github.com/firebase/firebase-ios-sdk";
			requirement = {
				kind = upToNextMajorVersion;
				minimumVersion = 11.10.0;
			};
		};
/* End XCRemoteSwiftPackageReference section */

/* Begin XCSwiftPackageProductDependency section */
		C3B8633C2D9B08630092C1CB /* FirebaseAnalytics */ = {
			isa = XCSwiftPackageProductDependency;
			package = C3B8633B2D9B07130092C1CB /* XCRemoteSwiftPackageReference "firebase-ios-sdk" */;
			productName = FirebaseAnalytics;
		};
		C3B8633E2D9B08630092C1CB /* FirebaseAnalyticsOnDeviceConversion */ = {
			isa = XCSwiftPackageProductDependency;
			package = C3B8633B2D9B07130092C1CB /* XCRemoteSwiftPackageReference "firebase-ios-sdk" */;
			productName = FirebaseAnalyticsOnDeviceConversion;
		};
		C3B863402D9B08630092C1CB /* FirebaseAnalyticsWithoutAdIdSupport */ = {
			isa = XCSwiftPackageProductDependency;
			package = C3B8633B2D9B07130092C1CB /* XCRemoteSwiftPackageReference "firebase-ios-sdk" */;
			productName = FirebaseAnalyticsWithoutAdIdSupport;
		};
		C3B863422D9B08630092C1CB /* FirebaseAppCheck */ = {
			isa = XCSwiftPackageProductDependency;
			package = C3B8633B2D9B07130092C1CB /* XCRemoteSwiftPackageReference "firebase-ios-sdk" */;
			productName = FirebaseAppCheck;
		};
		C3B863442D9B08630092C1CB /* FirebaseAppDistribution-Beta */ = {
			isa = XCSwiftPackageProductDependency;
			package = C3B8633B2D9B07130092C1CB /* XCRemoteSwiftPackageReference "firebase-ios-sdk" */;
			productName = "FirebaseAppDistribution-Beta";
		};
/* End XCSwiftPackageProductDependency section */
	};
	rootObject = C3B862E02D9A42E00092C1CB /* Project object */;
}
