// !$*UTF8*$!
{
	archiveVersion = 1;
	classes = {
	};
	objectVersion = 77;
	objects = {

/* Begin PBXBuildFile section */
		C36C730C2F415639007CB83D /* WidgetKit.framework in Frameworks */ = {isa = PBXBuildFile; fileRef = C36C730B2F415639007CB83D /* WidgetKit.framework */; };
		C36C730E2F415639007CB83D /* SwiftUI.framework in Frameworks */ = {isa = PBXBuildFile; fileRef = C36C730D2F415639007CB83D /* SwiftUI.framework */; };
		C36C731F2F41563B007CB83D /* Voting UI Island CardExtension.appex in Embed Foundation Extensions */ = {isa = PBXBuildFile; fileRef = C36C73092F415639007CB83D /* Voting UI Island CardExtension.appex */; settings = {ATTRIBUTES = (RemoveHeadersOnCopy, ); }; };
		C36C75A12F427A1F007CB83D /* Supabase in Frameworks */ = {isa = PBXBuildFile; productRef = C36C75A02F427A1F007CB83D /* Supabase */; };
		C3B8633D2D9B08630092C1CB /* FirebaseAnalytics in Frameworks */ = {isa = PBXBuildFile; productRef = C3B8633C2D9B08630092C1CB /* FirebaseAnalytics */; };
		C3B8633F2D9B08630092C1CB /* FirebaseAnalyticsOnDeviceConversion in Frameworks */ = {isa = PBXBuildFile; productRef = C3B8633E2D9B08630092C1CB /* FirebaseAnalyticsOnDeviceConversion */; };
		C3B863412D9B08630092C1CB /* FirebaseAnalyticsWithoutAdIdSupport in Frameworks */ = {isa = PBXBuildFile; productRef = C3B863402D9B08630092C1CB /* FirebaseAnalyticsWithoutAdIdSupport */; };
		C3B863432D9B08630092C1CB /* FirebaseAppCheck in Frameworks */ = {isa = PBXBuildFile; productRef = C3B863422D9B08630092C1CB /* FirebaseAppCheck */; };
		C3B863452D9B08630092C1CB /* FirebaseAppDistribution-Beta in Frameworks */ = {isa = PBXBuildFile; productRef = C3B863442D9B08630092C1CB /* FirebaseAppDistribution-Beta */; };
		D1A5B00331A9000100ABCDEF /* StripePaymentSheet in Frameworks */ = {isa = PBXBuildFile; productRef = D1A5B00231A9000100ABCDEF /* StripePaymentSheet */; };
/* End PBXBuildFile section */

/* Begin PBXContainerItemProxy section */
		C36C731D2F41563B007CB83D /* PBXContainerItemProxy */ = {
			isa = PBXContainerItemProxy;
			containerPortal = C3B862E02D9A42E00092C1CB /* Project object */;
			proxyType = 1;
			remoteGlobalIDString = C36C73082F415639007CB83D;
			remoteInfo = "Voting UI Island CardExtension";
		};
		C3B862F92D9A42E20092C1CB /* PBXContainerItemProxy */ = {
			isa = PBXContainerItemProxy;
			containerPortal = C3B862E02D9A42E00092C1CB /* Project object */;
			proxyType = 1;
			remoteGlobalIDString = C3B862E72D9A42E00092C1CB;
			remoteInfo = "WeVote Information Page";
		};
		C3B863032D9A42E20092C1CB /* PBXContainerItemProxy */ = {
			isa = PBXContainerItemProxy;
			containerPortal = C3B862E02D9A42E00092C1CB /* Project object */;
			proxyType = 1;
			remoteGlobalIDString = C3B862E72D9A42E00092C1CB;
			remoteInfo = "WeVote Information Page";
		};
/* End PBXContainerItemProxy section */

/* Begin PBXCopyFilesBuildPhase section */
		C36C73242F41563B007CB83D /* Embed Foundation Extensions */ = {
			isa = PBXCopyFilesBuildPhase;
			buildActionMask = 2147483647;
			dstPath = "";
			dstSubfolderSpec = 13;
			files = (
				C36C731F2F41563B007CB83D /* Voting UI Island CardExtension.appex in Embed Foundation Extensions */,
			);
			name = "Embed Foundation Extensions";
			runOnlyForDeploymentPostprocessing = 0;
		};
/* End PBXCopyFilesBuildPhase section */

/* Begin PBXFileReference section */
		C36C73092F415639007CB83D /* Voting UI Island CardExtension.appex */ = {isa = PBXFileReference; explicitFileType = "wrapper.app-extension"; includeInIndex = 0; path = "Voting UI Island CardExtension.appex"; sourceTree = BUILT_PRODUCTS_DIR; };
		C36C730B2F415639007CB83D /* WidgetKit.framework */ = {isa = PBXFileReference; lastKnownFileType = wrapper.framework; name = WidgetKit.framework; path = System/Library/Frameworks/WidgetKit.framework; sourceTree = SDKROOT; };
		C36C730D2F415639007CB83D /* SwiftUI.framework */ = {isa = PBXFileReference; lastKnownFileType = wrapper.framework; name = SwiftUI.framework; path = System/Library/Frameworks/SwiftUI.framework; sourceTree = SDKROOT; };
		C3A44ADE2DE392D000858A5E /* VoteNow.entitlements */ = {isa = PBXFileReference; lastKnownFileType = text.plist.entitlements; path = VoteNow.entitlements; sourceTree = "<group>"; };
		C3B862E82D9A42E00092C1CB /* VoteNow.app */ = {isa = PBXFileReference; explicitFileType = wrapper.application; includeInIndex = 0; path = VoteNow.app; sourceTree = BUILT_PRODUCTS_DIR; };
		C3B862F82D9A42E20092C1CB /* VoteNowTests.xctest */ = {isa = PBXFileReference; explicitFileType = wrapper.cfbundle; includeInIndex = 0; path = VoteNowTests.xctest; sourceTree = BUILT_PRODUCTS_DIR; };
		C3B863022D9A42E20092C1CB /* VoteNowUITests.xctest */ = {isa = PBXFileReference; explicitFileType = wrapper.cfbundle; includeInIndex = 0; path = VoteNowUITests.xctest; sourceTree = BUILT_PRODUCTS_DIR; };
		C3D06EF42DE94769009F3459 /* WeVote-Information-Page-Info.plist */ = {isa = PBXFileReference; lastKnownFileType = text.plist.xml; path = "WeVote-Information-Page-Info.plist"; sourceTree = "<group>"; };
/* End PBXFileReference section */

/* Begin PBXFileSystemSynchronizedBuildFileExceptionSet section */
		C36C73202F41563B007CB83D /* Exceptions for "Voting UI Island Card" folder in "Voting UI Island CardExtension" target */ = {
			isa = PBXFileSystemSynchronizedBuildFileExceptionSet;
			membershipExceptions = (
				Info.plist,
			);
			target = C36C73082F415639007CB83D /* Voting UI Island CardExtension */;
		};
/* End PBXFileSystemSynchronizedBuildFileExceptionSet section */

/* Begin PBXFileSystemSynchronizedRootGroup section */
		C36C730F2F415639007CB83D /* Voting UI Island Card */ = {
			isa = PBXFileSystemSynchronizedRootGroup;
			exceptions = (
				C36C73202F41563B007CB83D /* Exceptions for "Voting UI Island Card" folder in "Voting UI Island CardExtension" target */,
			);
			path = "Voting UI Island Card";
			sourceTree = "<group>";
		};
		C3B862EA2D9A42E00092C1CB /* WeVote Information Page */ = {
			isa = PBXFileSystemSynchronizedRootGroup;
			path = "WeVote Information Page";
			sourceTree = "<group>";
		};
		C3B862FB2D9A42E20092C1CB /* WeVote Information PageTests */ = {
			isa = PBXFileSystemSynchronizedRootGroup;
			path = "WeVote Information PageTests";
			sourceTree = "<group>";
		};
		C3B863052D9A42E20092C1CB /* WeVote Information PageUITests */ = {
			isa = PBXFileSystemSynchronizedRootGroup;
			path = "WeVote Information PageUITests";
			sourceTree = "<group>";
		};
/* End PBXFileSystemSynchronizedRootGroup section */

/* Begin PBXFrameworksBuildPhase section */
		C36C73062F415639007CB83D /* Frameworks */ = {
			isa = PBXFrameworksBuildPhase;
			buildActionMask = 2147483647;
			files = (
				C36C730E2F415639007CB83D /* SwiftUI.framework in Frameworks */,
				C36C730C2F415639007CB83D /* WidgetKit.framework in Frameworks */,
			);
			runOnlyForDeploymentPostprocessing = 0;
		};
		C3B862E52D9A42E00092C1CB /* Frameworks */ = {
			isa = PBXFrameworksBuildPhase;
			buildActionMask = 2147483647;
			files = (
				D1A5B00331A9000100ABCDEF /* StripePaymentSheet in Frameworks */,
				C36C75A12F427A1F007CB83D /* Supabase in Frameworks */,
				C3B863432D9B08630092C1CB /* FirebaseAppCheck in Frameworks */,
				C3B8633D2D9B08630092C1CB /* FirebaseAnalytics in Frameworks */,
				C3B863452D9B08630092C1CB /* FirebaseAppDistribution-Beta in Frameworks */,
				C3B863412D9B08630092C1CB /* FirebaseAnalyticsWithoutAdIdSupport in Frameworks */,
				C3B8633F2D9B08630092C1CB /* FirebaseAnalyticsOnDeviceConversion in Frameworks */,
			);
			runOnlyForDeploymentPostprocessing = 0;
		};
		C3B862F52D9A42E20092C1CB /* Frameworks */ = {
			isa = PBXFrameworksBuildPhase;
			buildActionMask = 2147483647;
			files = (
			);
			runOnlyForDeploymentPostprocessing = 0;
		};
		C3B862FF2D9A42E20092C1CB /* Frameworks */ = {
			isa = PBXFrameworksBuildPhase;
			buildActionMask = 2147483647;
			files = (
			);
			runOnlyForDeploymentPostprocessing = 0;
		};
/* End PBXFrameworksBuildPhase section */

/* Begin PBXGroup section */
		C36C730A2F415639007CB83D /* Frameworks */ = {
			isa = PBXGroup;
			children = (
				C36C730B2F415639007CB83D /* WidgetKit.framework */,
				C36C730D2F415639007CB83D /* SwiftUI.framework */,
			);
			name = Frameworks;
			sourceTree = "<group>";
		};
		C3B862DF2D9A42E00092C1CB = {
			isa = PBXGroup;
			children = (
				C3D06EF42DE94769009F3459 /* WeVote-Information-Page-Info.plist */,
				C3A44ADE2DE392D000858A5E /* VoteNow.entitlements */,
				C3B862EA2D9A42E00092C1CB /* WeVote Information Page */,
				C3B862FB2D9A42E20092C1CB /* WeVote Information PageTests */,
				C3B863052D9A42E20092C1CB /* WeVote Information PageUITests */,
				C36C730F2F415639007CB83D /* Voting UI Island Card */,
				C36C730A2F415639007CB83D /* Frameworks */,
				C3B862E92D9A42E00092C1CB /* Products */,
			);
			sourceTree = "<group>";
		};
		C3B862E92D9A42E00092C1CB /* Products */ = {
			isa = PBXGroup;
			children = (
				C3B862E82D9A42E00092C1CB /* VoteNow.app */,
				C3B862F82D9A42E20092C1CB /* VoteNowTests.xctest */,
				C3B863022D9A42E20092C1CB /* VoteNowUITests.xctest */,
				C36C73092F415639007CB83D /* Voting UI Island CardExtension.appex */,
			);
			name = Products;
			sourceTree = "<group>";
		};
/* End PBXGroup section */

/* Begin PBXNativeTarget section */
		C36C73082F415639007CB83D /* Voting UI Island CardExtension */ = {
			isa = PBXNativeTarget;
			buildConfigurationList = C36C73212F41563B007CB83D /* Build configuration list for PBXNativeTarget "Voting UI Island CardExtension" */;
			buildPhases = (
				C36C73052F415639007CB83D /* Sources */,
				C36C73062F415639007CB83D /* Frameworks */,
				C36C73072F415639007CB83D /* Resources */,
			);
			buildRules = (
			);
			dependencies = (
			);
			fileSystemSynchronizedGroups = (
				C36C730F2F415639007CB83D /* Voting UI Island Card */,
			);
			name = "Voting UI Island CardExtension";
			packageProductDependencies = (
			);
			productName = "Voting UI Island CardExtension";
			productReference = C36C73092F415639007CB83D /* Voting UI Island CardExtension.appex */;
			productType = "com.apple.product-type.app-extension";
		};
		C3B862E72D9A42E00092C1CB /* VoteNow */ = {
			isa = PBXNativeTarget;
			buildConfigurationList = C3B8630C2D9A42E20092C1CB /* Build configuration list for PBXNativeTarget "VoteNow" */;
			buildPhases = (
				C3B862E42D9A42E00092C1CB /* Sources */,
				C3B862E52D9A42E00092C1CB /* Frameworks */,
				C31696FA2DE0F9E50041FF2C /* Resources */,
				C36C73242F41563B007CB83D /* Embed Foundation Extensions */,
			);
			buildRules = (
			);
			dependencies = (
				C36C731E2F41563B007CB83D /* PBXTargetDependency */,
			);
			fileSystemSynchronizedGroups = (
				C3B862EA2D9A42E00092C1CB /* WeVote Information Page */,
			);
			name = VoteNow;
			packageProductDependencies = (
				D1A5B00231A9000100ABCDEF /* StripePaymentSheet */,
				C36C75A02F427A1F007CB83D /* Supabase */,
				C3B8633C2D9B08630092C1CB /* FirebaseAnalytics */,
				C3B8633E2D9B08630092C1CB /* FirebaseAnalyticsOnDeviceConversion */,
				C3B863402D9B08630092C1CB /* FirebaseAnalyticsWithoutAdIdSupport */,
				C3B863422D9B08630092C1CB /* FirebaseAppCheck */,
				C3B863442D9B08630092C1CB /* FirebaseAppDistribution-Beta */,
			);
			productName = "WeVote Information Page";
			productReference = C3B862E82D9A42E00092C1CB /* VoteNow.app */;
			productType = "com.apple.product-type.application";
		};
		C3B862F72D9A42E20092C1CB /* VoteNowTests */ = {
			isa = PBXNativeTarget;
			buildConfigurationList = C3B8630F2D9A42E20092C1CB /* Build configuration list for PBXNativeTarget "VoteNowTests" */;
			buildPhases = (
				C3B862F42D9A42E20092C1CB /* Sources */,
				C3B862F52D9A42E20092C1CB /* Frameworks */,
				C3B862F62D9A42E20092C1CB /* Resources */,
			);
			buildRules = (
			);
			dependencies = (
				C3B862FA2D9A42E20092C1CB /* PBXTargetDependency */,
			);
			fileSystemSynchronizedGroups = (
				C3B862FB2D9A42E20092C1CB /* WeVote Information PageTests */,
			);
			name = VoteNowTests;
			packageProductDependencies = (
			);
			productName = "WeVote Information PageTests";
			productReference = C3B862F82D9A42E20092C1CB /* VoteNowTests.xctest */;
			productType = "com.apple.product-type.bundle.unit-test";
		};
		C3B863012D9A42E20092C1CB /* VoteNowUITests */ = {
			isa = PBXNativeTarget;
			buildConfigurationList = C3B863122D9A42E20092C1CB /* Build configuration list for PBXNativeTarget "VoteNowUITests" */;
			buildPhases = (
				C3B862FE2D9A42E20092C1CB /* Sources */,
				C3B862FF2D9A42E20092C1CB /* Frameworks */,
				C3B863002D9A42E20092C1CB /* Resources */,
			);
			buildRules = (
			);
			dependencies = (
				C3B863042D9A42E20092C1CB /* PBXTargetDependency */,
			);
			fileSystemSynchronizedGroups = (
				C3B863052D9A42E20092C1CB /* WeVote Information PageUITests */,
			);
			name = VoteNowUITests;
			packageProductDependencies = (
			);
			productName = "WeVote Information PageUITests";
			productReference = C3B863022D9A42E20092C1CB /* VoteNowUITests.xctest */;
			productType = "com.apple.product-type.bundle.ui-testing";
		};
/* End PBXNativeTarget section */

/* Begin PBXProject section */
		C3B862E02D9A42E00092C1CB /* Project object */ = {
			isa = PBXProject;
			attributes = {
				BuildIndependentTargetsInParallel = 1;
				LastSwiftUpdateCheck = 1640;
				LastUpgradeCheck = 1620;
				TargetAttributes = {
					C36C73082F415639007CB83D = {
						CreatedOnToolsVersion = 16.4;
					};
					C3B862E72D9A42E00092C1CB = {
						CreatedOnToolsVersion = 16.2;
					};
					C3B862F72D9A42E20092C1CB = {
						CreatedOnToolsVersion = 16.2;
						TestTargetID = C3B862E72D9A42E00092C1CB;
					};
					C3B863012D9A42E20092C1CB = {
						CreatedOnToolsVersion = 16.2;
						TestTargetID = C3B862E72D9A42E00092C1CB;
					};
				};
			};
			buildConfigurationList = C3B862E32D9A42E00092C1CB /* Build configuration list for PBXProject "VoteNow" */;
			developmentRegion = en;
			hasScannedForEncodings = 0;
			knownRegions = (
				en,
				es,
				"zh-Hans",
				"zh-Hant",
				fil,
				vi,
				fr,
				de,
				Base,
			);
			mainGroup = C3B862DF2D9A42E00092C1CB;
			minimizedProjectReferenceProxies = 1;
			packageReferences = (
				D1A5B00131A9000100ABCDEF /* XCRemoteSwiftPackageReference "stripe-ios-spm" */,
				C3B8633B2D9B07130092C1CB /* XCRemoteSwiftPackageReference "firebase-ios-sdk" */,
				C36C759F2F42719F007CB83D /* XCRemoteSwiftPackageReference "supabase-swift" */,
			);
			preferredProjectObjectVersion = 77;
			productRefGroup = C3B862E92D9A42E00092C1CB /* Products */;
			projectDirPath = "";
			projectRoot = "";
			targets = (
				C3B862E72D9A42E00092C1CB /* VoteNow */,
				C3B862F72D9A42E20092C1CB /* VoteNowTests */,
				C3B863012D9A42E20092C1CB /* VoteNowUITests */,
				C36C73082F415639007CB83D /* Voting UI Island CardExtension */,
			);
		};
/* End PBXProject section */

/* Begin PBXResourcesBuildPhase section */
		C31696FA2DE0F9E50041FF2C /* Resources */ = {
			isa = PBXResourcesBuildPhase;
			buildActionMask = 2147483647;
			files = (
			);
			runOnlyForDeploymentPostprocessing = 0;
		};
		C36C73072F415639007CB83D /* Resources */ = {
			isa = PBXResourcesBuildPhase;
			buildActionMask = 2147483647;
			files = (
			);
			runOnlyForDeploymentPostprocessing = 0;
		};
		C3B862F62D9A42E20092C1CB /* Resources */ = {
			isa = PBXResourcesBuildPhase;
			buildActionMask = 2147483647;
			files = (
			);
			runOnlyForDeploymentPostprocessing = 0;
		};
		C3B863002D9A42E20092C1CB /* Resources */ = {
			isa = PBXResourcesBuildPhase;
			buildActionMask = 2147483647;
			files = (
			);
			runOnlyForDeploymentPostprocessing = 0;
		};
/* End PBXResourcesBuildPhase section */

/* Begin PBXSourcesBuildPhase section */
		C36C73052F415639007CB83D /* Sources */ = {
			isa = PBXSourcesBuildPhase;
			buildActionMask = 2147483647;
			files = (
			);
			runOnlyForDeploymentPostprocessing = 0;
		};
		C3B862E42D9A42E00092C1CB /* Sources */ = {
			isa = PBXSourcesBuildPhase;
			buildActionMask = 2147483647;
			files = (
			);
			runOnlyForDeploymentPostprocessing = 0;
		};
		C3B862F42D9A42E20092C1CB /* Sources */ = {
			isa = PBXSourcesBuildPhase;
			buildActionMask = 2147483647;
			files = (
			);
			runOnlyForDeploymentPostprocessing = 0;
		};
		C3B862FE2D9A42E20092C1CB /* Sources */ = {
			isa = PBXSourcesBuildPhase;
			buildActionMask = 2147483647;
			files = (
			);
			runOnlyForDeploymentPostprocessing = 0;
		};
/* End PBXSourcesBuildPhase section */

/* Begin PBXTargetDependency section */
		C36C731E2F41563B007CB83D /* PBXTargetDependency */ = {
			isa = PBXTargetDependency;
			target = C36C73082F415639007CB83D /* Voting UI Island CardExtension */;
			targetProxy = C36C731D2F41563B007CB83D /* PBXContainerItemProxy */;
		};
		C3B862FA2D9A42E20092C1CB /* PBXTargetDependency */ = {
			isa = PBXTargetDependency;
			target = C3B862E72D9A42E00092C1CB /* VoteNow */;
			targetProxy = C3B862F92D9A42E20092C1CB /* PBXContainerItemProxy */;
		};
		C3B863042D9A42E20092C1CB /* PBXTargetDependency */ = {
			isa = PBXTargetDependency;
			target = C3B862E72D9A42E00092C1CB /* VoteNow */;
			targetProxy = C3B863032D9A42E20092C1CB /* PBXContainerItemProxy */;
		};
/* End PBXTargetDependency section */

/* Begin XCBuildConfiguration section */
		C36C73222F41563B007CB83D /* Debug */ = {
			isa = XCBuildConfiguration;
			buildSettings = {
				ASSETCATALOG_COMPILER_GLOBAL_ACCENT_COLOR_NAME = AccentColor;
				ASSETCATALOG_COMPILER_WIDGET_BACKGROUND_COLOR_NAME = WidgetBackground;
				CODE_SIGN_STYLE = Automatic;
				CURRENT_PROJECT_VERSION = 1;
				DEVELOPMENT_TEAM = 687GD7CA6J;
				GENERATE_INFOPLIST_FILE = YES;
				INFOPLIST_FILE = "Voting UI Island Card/Info.plist";
				INFOPLIST_KEY_CFBundleDisplayName = "Voting UI Island Card";
				INFOPLIST_KEY_NSHumanReadableCopyright = "";
				IPHONEOS_DEPLOYMENT_TARGET = 18.2;
				LD_RUNPATH_SEARCH_PATHS = (
					"$(inherited)",
					"@executable_path/Frameworks",
					"@executable_path/../../Frameworks",
				);
				MARKETING_VERSION = 1.0;
				PRODUCT_BUNDLE_IDENTIFIER = "Turnout-the-Vote.VoteNow-Information-Page.Voting-UI-Island-Card";
				PRODUCT_NAME = "$(TARGET_NAME)";
				SKIP_INSTALL = YES;
				SWIFT_EMIT_LOC_STRINGS = YES;
				SWIFT_VERSION = 5.0;
				TARGETED_DEVICE_FAMILY = "1,2";
			};
			name = Debug;
		};
		C36C73232F41563B007CB83D /* Release */ = {
			isa = XCBuildConfiguration;
			buildSettings = {
				ASSETCATALOG_COMPILER_GLOBAL_ACCENT_COLOR_NAME = AccentColor;
				ASSETCATALOG_COMPILER_WIDGET_BACKGROUND_COLOR_NAME = WidgetBackground;
				CODE_SIGN_STYLE = Automatic;
				CURRENT_PROJECT_VERSION = 1;
				DEVELOPMENT_TEAM = 687GD7CA6J;
				GENERATE_INFOPLIST_FILE = YES;
				INFOPLIST_FILE = "Voting UI Island Card/Info.plist";
				INFOPLIST_KEY_CFBundleDisplayName = "Voting UI Island Card";
				INFOPLIST_KEY_NSHumanReadableCopyright = "";
				IPHONEOS_DEPLOYMENT_TARGET = 18.2;
				LD_RUNPATH_SEARCH_PATHS = (
					"$(inherited)",
					"@executable_path/Frameworks",
					"@executable_path/../../Frameworks",
				);
				MARKETING_VERSION = 1.0;
				PRODUCT_BUNDLE_IDENTIFIER = "Turnout-the-Vote.VoteNow-Information-Page.Voting-UI-Island-Card";
				PRODUCT_NAME = "$(TARGET_NAME)";
				SKIP_INSTALL = YES;
				SWIFT_EMIT_LOC_STRINGS = YES;
				SWIFT_VERSION = 5.0;
				TARGETED_DEVICE_FAMILY = "1,2";
			};
			name = Release;
		};
		C3B8630A2D9A42E20092C1CB /* Debug */ = {
			isa = XCBuildConfiguration;
			buildSettings = {
				ALWAYS_SEARCH_USER_PATHS = NO;
				ASSETCATALOG_COMPILER_GENERATE_SWIFT_ASSET_SYMBOL_EXTENSIONS = YES;
				CLANG_ANALYZER_NONNULL = YES;
				CLANG_ANALYZER_NUMBER_OBJECT_CONVERSION = YES_AGGRESSIVE;
				CLANG_CXX_LANGUAGE_STANDARD = "gnu++20";
				CLANG_ENABLE_MODULES = YES;
				CLANG_ENABLE_OBJC_ARC = YES;
				CLANG_ENABLE_OBJC_WEAK = YES;
				CLANG_WARN_BLOCK_CAPTURE_AUTORELEASING = YES;
				CLANG_WARN_BOOL_CONVERSION = YES;
				CLANG_WARN_COMMA = YES;
				CLANG_WARN_CONSTANT_CONVERSION = YES;
				CLANG_WARN_DEPRECATED_OBJC_IMPLEMENTATIONS = YES;
				CLANG_WARN_DIRECT_OBJC_ISA_USAGE = YES_ERROR;
				CLANG_WARN_DOCUMENTATION_COMMENTS = YES;
				CLANG_WARN_EMPTY_BODY = YES;
				CLANG_WARN_ENUM_CONVERSION = YES;
				CLANG_WARN_INFINITE_RECURSION = YES;
				CLANG_WARN_INT_CONVERSION = YES;
				CLANG_WARN_NON_LITERAL_NULL_CONVERSION = YES;
				CLANG_WARN_OBJC_IMPLICIT_RETAIN_SELF = YES;
				CLANG_WARN_OBJC_LITERAL_CONVERSION = YES;
				CLANG_WARN_OBJC_ROOT_CLASS = YES_ERROR;
				CLANG_WARN_QUOTED_INCLUDE_IN_FRAMEWORK_HEADER = YES;
				CLANG_WARN_RANGE_LOOP_ANALYSIS = YES;
				CLANG_WARN_STRICT_PROTOTYPES = YES;
				CLANG_WARN_SUSPICIOUS_MOVE = YES;
				CLANG_WARN_UNGUARDED_AVAILABILITY = YES_AGGRESSIVE;
				CLANG_WARN_UNREACHABLE_CODE = YES;
				CLANG_WARN__DUPLICATE_METHOD_MATCH = YES;
				COPY_PHASE_STRIP = NO;
				DEBUG_INFORMATION_FORMAT = dwarf;
				ENABLE_STRICT_OBJC_MSGSEND = YES;
				ENABLE_TESTABILITY = YES;
				ENABLE_USER_SCRIPT_SANDBOXING = YES;
				GCC_C_LANGUAGE_STANDARD = gnu17;
				GCC_DYNAMIC_NO_PIC = NO;
				GCC_NO_COMMON_BLOCKS = YES;
				GCC_OPTIMIZATION_LEVEL = 0;
				GCC_PREPROCESSOR_DEFINITIONS = (
					"DEBUG=1",
					"$(inherited)",
				);
				GCC_WARN_64_TO_32_BIT_CONVERSION = YES;
				GCC_WARN_ABOUT_RETURN_TYPE = YES_ERROR;
				GCC_WARN_UNDECLARED_SELECTOR = YES;
				GCC_WARN_UNINITIALIZED_AUTOS = YES_AGGRESSIVE;
				GCC_WARN_UNUSED_FUNCTION = YES;
				GCC_WARN_UNUSED_VARIABLE = YES;
				IPHONEOS_DEPLOYMENT_TARGET = 18.2;
				LOCALIZATION_PREFERS_STRING_CATALOGS = YES;
				MTL_ENABLE_DEBUG_INFO = INCLUDE_SOURCE;
				MTL_FAST_MATH = YES;
				ONLY_ACTIVE_ARCH = YES;
				SDKROOT = iphoneos;
				SWIFT_ACTIVE_COMPILATION_CONDITIONS = "DEBUG $(inherited)";
				SWIFT_OPTIMIZATION_LEVEL = "-Onone";
			};
			name = Debug;
		};
		C3B8630B2D9A42E20092C1CB /* Release */ = {
			isa = XCBuildConfiguration;
			buildSettings = {
				ALWAYS_SEARCH_USER_PATHS = NO;
				ASSETCATALOG_COMPILER_GENERATE_SWIFT_ASSET_SYMBOL_EXTENSIONS = YES;
				CLANG_ANALYZER_NONNULL = YES;
				CLANG_ANALYZER_NUMBER_OBJECT_CONVERSION = YES_AGGRESSIVE;
				CLANG_CXX_LANGUAGE_STANDARD = "gnu++20";
				CLANG_ENABLE_MODULES = YES;
				CLANG_ENABLE_OBJC_ARC = YES;
				CLANG_ENABLE_OBJC_WEAK = YES;
				CLANG_WARN_BLOCK_CAPTURE_AUTORELEASING = YES;
				CLANG_WARN_BOOL_CONVERSION = YES;
				CLANG_WARN_COMMA = YES;
				CLANG_WARN_CONSTANT_CONVERSION = YES;
				CLANG_WARN_DEPRECATED_OBJC_IMPLEMENTATIONS = YES;
				CLANG_WARN_DIRECT_OBJC_ISA_USAGE = YES_ERROR;
				CLANG_WARN_DOCUMENTATION_COMMENTS = YES;
				CLANG_WARN_EMPTY_BODY = YES;
				CLANG_WARN_ENUM_CONVERSION = YES;
				CLANG_WARN_INFINITE_RECURSION = YES;
				CLANG_WARN_INT_CONVERSION = YES;
				CLANG_WARN_NON_LITERAL_NULL_CONVERSION = YES;
				CLANG_WARN_OBJC_IMPLICIT_RETAIN_SELF = YES;
				CLANG_WARN_OBJC_LITERAL_CONVERSION = YES;
				CLANG_WARN_OBJC_ROOT_CLASS = YES_ERROR;
				CLANG_WARN_QUOTED_INCLUDE_IN_FRAMEWORK_HEADER = YES;
				CLANG_WARN_RANGE_LOOP_ANALYSIS = YES;
				CLANG_WARN_STRICT_PROTOTYPES = YES;
				CLANG_WARN_SUSPICIOUS_MOVE = YES;
				CLANG_WARN_UNGUARDED_AVAILABILITY = YES_AGGRESSIVE;
				CLANG_WARN_UNREACHABLE_CODE = YES;
				CLANG_WARN__DUPLICATE_METHOD_MATCH = YES;
				COPY_PHASE_STRIP = NO;
				DEBUG_INFORMATION_FORMAT = "dwarf-with-dsym";
				ENABLE_NS_ASSERTIONS = NO;
				ENABLE_STRICT_OBJC_MSGSEND = YES;
				ENABLE_USER_SCRIPT_SANDBOXING = YES;
				GCC_C_LANGUAGE_STANDARD = gnu17;
				GCC_NO_COMMON_BLOCKS = YES;
				GCC_WARN_64_TO_32_BIT_CONVERSION = YES;
				GCC_WARN_ABOUT_RETURN_TYPE = YES_ERROR;
				GCC_WARN_UNDECLARED_SELECTOR = YES;
				GCC_WARN_UNINITIALIZED_AUTOS = YES_AGGRESSIVE;
				GCC_WARN_UNUSED_FUNCTION = YES;
				GCC_WARN_UNUSED_VARIABLE = YES;
				IPHONEOS_DEPLOYMENT_TARGET = 18.2;
				LOCALIZATION_PREFERS_STRING_CATALOGS = YES;
				MTL_ENABLE_DEBUG_INFO = NO;
				MTL_FAST_MATH = YES;
				SDKROOT = iphoneos;
				SWIFT_COMPILATION_MODE = wholemodule;
				VALIDATE_PRODUCT = YES;
			};
			name = Release;
		};
		C3B8630D2D9A42E20092C1CB /* Debug */ = {
			isa = XCBuildConfiguration;
			buildSettings = {
				ASSETCATALOG_COMPILER_APPICON_NAME = AppIcon;
				ASSETCATALOG_COMPILER_GLOBAL_ACCENT_COLOR_NAME = AccentColor;
				ASSETCATALOG_COMPILER_INCLUDE_ALL_APPICON_ASSETS = NO;
				CODE_SIGN_ENTITLEMENTS = VoteNow.entitlements;
				"CODE_SIGN_IDENTITY[sdk=iphoneos*]" = "iPhone Developer";
				CODE_SIGN_STYLE = Manual;
				CURRENT_PROJECT_VERSION = 1;
				DEVELOPMENT_ASSET_PATHS = "\"WeVote Information Page/Preview Content\"";
				DEVELOPMENT_TEAM = "";
				"DEVELOPMENT_TEAM[sdk=iphoneos*]" = 687GD7CA6J;
				ENABLE_PREVIEWS = YES;
				GENERATE_INFOPLIST_FILE = YES;
				INFOPLIST_FILE = "WeVote-Information-Page-Info.plist";
				INFOPLIST_KEY_CFBundleDisplayName = "";
				INFOPLIST_KEY_NSCalendarsUsageDescription = "This app needs calendar access so it can add your voting plan as an event.";
				INFOPLIST_KEY_NSLocationWhenInUseUsageDescription = "We need your location to calculate distances to polling places.";
				INFOPLIST_KEY_NSSupportsLiveActivities = YES;
				INFOPLIST_KEY_UIApplicationSceneManifest_Generation = YES;
				INFOPLIST_KEY_UIApplicationSupportsIndirectInputEvents = YES;
				INFOPLIST_KEY_UILaunchScreen_Generation = YES;
				INFOPLIST_KEY_UISupportedInterfaceOrientations_iPad = "UIInterfaceOrientationPortrait UIInterfaceOrientationPortraitUpsideDown UIInterfaceOrientationLandscapeLeft UIInterfaceOrientationLandscapeRight";
				INFOPLIST_KEY_UISupportedInterfaceOrientations_iPhone = "UIInterfaceOrientationPortrait UIInterfaceOrientationLandscapeLeft UIInterfaceOrientationLandscapeRight";
				LD_RUNPATH_SEARCH_PATHS = (
					"$(inherited)",
					"@executable_path/Frameworks",
				);
				MARKETING_VERSION = 1.0;
				PRODUCT_BUNDLE_IDENTIFIER = "Turnout-the-Vote.VoteNow-Information-Page";
				PRODUCT_NAME = "$(TARGET_NAME)";
				PROVISIONING_PROFILE_SPECIFIER = "";
				"PROVISIONING_PROFILE_SPECIFIER[sdk=iphoneos*]" = VoteNow_Dev_Push_Profile_ApplePay;
				SWIFT_EMIT_LOC_STRINGS = YES;
				SWIFT_VERSION = 5.0;
				TARGETED_DEVICE_FAMILY = "1,2";
			};
			name = Debug;
		};
		C3B8630E2D9A42E20092C1CB /* Release */ = {
			isa = XCBuildConfiguration;
			buildSettings = {
				ASSETCATALOG_COMPILER_APPICON_NAME = AppIcon;
				ASSETCATALOG_COMPILER_GLOBAL_ACCENT_COLOR_NAME = AccentColor;
				ASSETCATALOG_COMPILER_INCLUDE_ALL_APPICON_ASSETS = NO;
				CODE_SIGN_ENTITLEMENTS = VoteNow.entitlements;
				"CODE_SIGN_IDENTITY[sdk=iphoneos*]" = "iPhone Developer";
				CODE_SIGN_STYLE = Manual;
				CURRENT_PROJECT_VERSION = 1;
				DEVELOPMENT_ASSET_PATHS = "\"WeVote Information Page/Preview Content\"";
				DEVELOPMENT_TEAM = "";
				"DEVELOPMENT_TEAM[sdk=iphoneos*]" = 687GD7CA6J;
				ENABLE_PREVIEWS = YES;
				GENERATE_INFOPLIST_FILE = YES;
				INFOPLIST_FILE = "WeVote-Information-Page-Info.plist";
				INFOPLIST_KEY_CFBundleDisplayName = "";
				INFOPLIST_KEY_NSCalendarsUsageDescription = "This app needs calendar access so it can add your voting plan as an event.";
				INFOPLIST_KEY_NSLocationWhenInUseUsageDescription = "We need your location to calculate distances to polling places.";
				INFOPLIST_KEY_NSSupportsLiveActivities = YES;
				INFOPLIST_KEY_UIApplicationSceneManifest_Generation = YES;
				INFOPLIST_KEY_UIApplicationSupportsIndirectInputEvents = YES;
				INFOPLIST_KEY_UILaunchScreen_Generation = YES;
				INFOPLIST_KEY_UISupportedInterfaceOrientations_iPad = "UIInterfaceOrientationPortrait UIInterfaceOrientationPortraitUpsideDown UIInterfaceOrientationLandscapeLeft UIInterfaceOrientationLandscapeRight";
				INFOPLIST_KEY_UISupportedInterfaceOrientations_iPhone = "UIInterfaceOrientationPortrait UIInterfaceOrientationLandscapeLeft UIInterfaceOrientationLandscapeRight";
				LD_RUNPATH_SEARCH_PATHS = (
					"$(inherited)",
					"@executable_path/Frameworks",
				);
				MARKETING_VERSION = 1.0;
				PRODUCT_BUNDLE_IDENTIFIER = "Turnout-the-Vote.VoteNow-Information-Page";
				PRODUCT_NAME = "$(TARGET_NAME)";
				PROVISIONING_PROFILE_SPECIFIER = "";
				"PROVISIONING_PROFILE_SPECIFIER[sdk=iphoneos*]" = VoteNow_Dev_Push_Profile_ApplePay;
				SWIFT_EMIT_LOC_STRINGS = YES;
				SWIFT_VERSION = 5.0;
				TARGETED_DEVICE_FAMILY = "1,2";
			};
			name = Release;
		};
		C3B863102D9A42E20092C1CB /* Debug */ = {
			isa = XCBuildConfiguration;
			buildSettings = {
				BUNDLE_LOADER = "$(TEST_HOST)";
				CODE_SIGN_STYLE = Automatic;
				CURRENT_PROJECT_VERSION = 1;
				DEVELOPMENT_TEAM = 687GD7CA6J;
				GENERATE_INFOPLIST_FILE = YES;
				IPHONEOS_DEPLOYMENT_TARGET = 18.2;
				MARKETING_VERSION = 1.0;
				PRODUCT_BUNDLE_IDENTIFIER = "Turnout-the-Vote.WeVote-Information-PageTests";
				PRODUCT_NAME = "$(TARGET_NAME)";
				SWIFT_EMIT_LOC_STRINGS = NO;
				SWIFT_VERSION = 5.0;
				TARGETED_DEVICE_FAMILY = "1,2";
				TEST_HOST = "$(BUILT_PRODUCTS_DIR)/VoteNow.app/$(BUNDLE_EXECUTABLE_FOLDER_PATH)/VoteNow";
			};
			name = Debug;
		};
		C3B863112D9A42E20092C1CB /* Release */ = {
			isa = XCBuildConfiguration;
			buildSettings = {
				BUNDLE_LOADER = "$(TEST_HOST)";
				CODE_SIGN_STYLE = Automatic;
				CURRENT_PROJECT_VERSION = 1;
				DEVELOPMENT_TEAM = 687GD7CA6J;
				GENERATE_INFOPLIST_FILE = YES;
				IPHONEOS_DEPLOYMENT_TARGET = 18.2;
				MARKETING_VERSION = 1.0;
				PRODUCT_BUNDLE_IDENTIFIER = "Turnout-the-Vote.WeVote-Information-PageTests";
				PRODUCT_NAME = "$(TARGET_NAME)";
				SWIFT_EMIT_LOC_STRINGS = NO;
				SWIFT_VERSION = 5.0;
				TARGETED_DEVICE_FAMILY = "1,2";
				TEST_HOST = "$(BUILT_PRODUCTS_DIR)/VoteNow.app/$(BUNDLE_EXECUTABLE_FOLDER_PATH)/VoteNow";
			};
			name = Release;
		};
		C3B863132D9A42E20092C1CB /* Debug */ = {
			isa = XCBuildConfiguration;
			buildSettings = {
				CODE_SIGN_STYLE = Automatic;
				CURRENT_PROJECT_VERSION = 1;
				DEVELOPMENT_TEAM = 687GD7CA6J;
				GENERATE_INFOPLIST_FILE = YES;
				MARKETING_VERSION = 1.0;
				PRODUCT_BUNDLE_IDENTIFIER = "Turnout-the-Vote.WeVote-Information-PageUITests";
				PRODUCT_NAME = "$(TARGET_NAME)";
				SWIFT_EMIT_LOC_STRINGS = NO;
				SWIFT_VERSION = 5.0;
				TARGETED_DEVICE_FAMILY = "1,2";
				TEST_TARGET_NAME = "WeVote Information Page";
			};
			name = Debug;
		};
		C3B863142D9A42E20092C1CB /* Release */ = {
			isa = XCBuildConfiguration;
			buildSettings = {
				CODE_SIGN_STYLE = Automatic;
				CURRENT_PROJECT_VERSION = 1;
				DEVELOPMENT_TEAM = 687GD7CA6J;
				GENERATE_INFOPLIST_FILE = YES;
				MARKETING_VERSION = 1.0;
				PRODUCT_BUNDLE_IDENTIFIER = "Turnout-the-Vote.WeVote-Information-PageUITests";
				PRODUCT_NAME = "$(TARGET_NAME)";
				SWIFT_EMIT_LOC_STRINGS = NO;
				SWIFT_VERSION = 5.0;
				TARGETED_DEVICE_FAMILY = "1,2";
				TEST_TARGET_NAME = "WeVote Information Page";
			};
			name = Release;
		};
/* End XCBuildConfiguration section */

/* Begin XCConfigurationList section */
		C36C73212F41563B007CB83D /* Build configuration list for PBXNativeTarget "Voting UI Island CardExtension" */ = {
			isa = XCConfigurationList;
			buildConfigurations = (
				C36C73222F41563B007CB83D /* Debug */,
				C36C73232F41563B007CB83D /* Release */,
			);
			defaultConfigurationIsVisible = 0;
			defaultConfigurationName = Release;
		};
		C3B862E32D9A42E00092C1CB /* Build configuration list for PBXProject "VoteNow" */ = {
			isa = XCConfigurationList;
			buildConfigurations = (
				C3B8630A2D9A42E20092C1CB /* Debug */,
				C3B8630B2D9A42E20092C1CB /* Release */,
			);
			defaultConfigurationIsVisible = 0;
			defaultConfigurationName = Release;
		};
		C3B8630C2D9A42E20092C1CB /* Build configuration list for PBXNativeTarget "VoteNow" */ = {
			isa = XCConfigurationList;
			buildConfigurations = (
				C3B8630D2D9A42E20092C1CB /* Debug */,
				C3B8630E2D9A42E20092C1CB /* Release */,
			);
			defaultConfigurationIsVisible = 0;
			defaultConfigurationName = Release;
		};
		C3B8630F2D9A42E20092C1CB /* Build configuration list for PBXNativeTarget "VoteNowTests" */ = {
			isa = XCConfigurationList;
			buildConfigurations = (
				C3B863102D9A42E20092C1CB /* Debug */,
				C3B863112D9A42E20092C1CB /* Release */,
			);
			defaultConfigurationIsVisible = 0;
			defaultConfigurationName = Release;
		};
		C3B863122D9A42E20092C1CB /* Build configuration list for PBXNativeTarget "VoteNowUITests" */ = {
			isa = XCConfigurationList;
			buildConfigurations = (
				C3B863132D9A42E20092C1CB /* Debug */,
				C3B863142D9A42E20092C1CB /* Release */,
			);
			defaultConfigurationIsVisible = 0;
			defaultConfigurationName = Release;
		};
/* End XCConfigurationList section */

/* Begin XCRemoteSwiftPackageReference section */
		C36C759F2F42719F007CB83D /* XCRemoteSwiftPackageReference "supabase-swift" */ = {
			isa = XCRemoteSwiftPackageReference;
			repositoryURL = "https://github.com/supabase/supabase-swift";
			requirement = {
				kind = upToNextMajorVersion;
				minimumVersion = 2.5.1;
			};
		};
		C3B8633B2D9B07130092C1CB /* XCRemoteSwiftPackageReference "firebase-ios-sdk" */ = {
			isa = XCRemoteSwiftPackageReference;
			repositoryURL = "https://github.com/firebase/firebase-ios-sdk";
			requirement = {
				kind = upToNextMajorVersion;
				minimumVersion = 11.10.0;
			};
		};
		D1A5B00131A9000100ABCDEF /* XCRemoteSwiftPackageReference "stripe-ios-spm" */ = {
			isa = XCRemoteSwiftPackageReference;
			repositoryURL = "https://github.com/stripe/stripe-ios-spm";
			requirement = {
				kind = upToNextMajorVersion;
				minimumVersion = 24.0.0;
			};
		};
/* End XCRemoteSwiftPackageReference section */

/* Begin XCSwiftPackageProductDependency section */
		C36C75A02F427A1F007CB83D /* Supabase */ = {
			isa = XCSwiftPackageProductDependency;
			package = C36C759F2F42719F007CB83D /* XCRemoteSwiftPackageReference "supabase-swift" */;
			productName = Supabase;
		};
		C3B8633C2D9B08630092C1CB /* FirebaseAnalytics */ = {
			isa = XCSwiftPackageProductDependency;
			package = C3B8633B2D9B07130092C1CB /* XCRemoteSwiftPackageReference "firebase-ios-sdk" */;
			productName = FirebaseAnalytics;
		};
		C3B8633E2D9B08630092C1CB /* FirebaseAnalyticsOnDeviceConversion */ = {
			isa = XCSwiftPackageProductDependency;
			package = C3B8633B2D9B07130092C1CB /* XCRemoteSwiftPackageReference "firebase-ios-sdk" */;
			productName = FirebaseAnalyticsOnDeviceConversion;
		};
		C3B863402D9B08630092C1CB /* FirebaseAnalyticsWithoutAdIdSupport */ = {
			isa = XCSwiftPackageProductDependency;
			package = C3B8633B2D9B07130092C1CB /* XCRemoteSwiftPackageReference "firebase-ios-sdk" */;
			productName = FirebaseAnalyticsWithoutAdIdSupport;
		};
		C3B863422D9B08630092C1CB /* FirebaseAppCheck */ = {
			isa = XCSwiftPackageProductDependency;
			package = C3B8633B2D9B07130092C1CB /* XCRemoteSwiftPackageReference "firebase-ios-sdk" */;
			productName = FirebaseAppCheck;
		};
		C3B863442D9B08630092C1CB /* FirebaseAppDistribution-Beta */ = {
			isa = XCSwiftPackageProductDependency;
			package = C3B8633B2D9B07130092C1CB /* XCRemoteSwiftPackageReference "firebase-ios-sdk" */;
			productName = "FirebaseAppDistribution-Beta";
		};
		D1A5B00231A9000100ABCDEF /* StripePaymentSheet */ = {
			isa = XCSwiftPackageProductDependency;
			package = D1A5B00131A9000100ABCDEF /* XCRemoteSwiftPackageReference "stripe-ios-spm" */;
			productName = StripePaymentSheet;
		};
/* End XCSwiftPackageProductDependency section */
	};
	rootObject = C3B862E02D9A42E00092C1CB /* Project object */;
}
